
Microsoft Visual Studio Solution File, Format Version 12.00
# Visual Studio Version 17
VisualStudioVersion = 17.11.35327.3
MinimumVisualStudioVersion = 10.0.40219.1
Project("{FAE04EC0-301F-11D3-BF4B-00C04F79EFBC}") = "SenderApplication", "SenderApplication\SenderApplication.csproj", "{DAE260CC-F4D0-4DE8-B86C-93264BB82B64}"
EndProject
Project("{FAE04EC0-301F-11D3-BF4B-00C04F79EFBC}") = "ReceiverApplication", "ReceiverApplication\ReceiverApplication.csproj", "{F9DBA533-73D9-4A82-8798-DC719B464A46}"
EndProject
Project("{FAE04EC0-301F-11D3-BF4B-00C04F79EFBC}") = "CommonWork", "CommonWork\CommonWork.csproj", "{D1882CD5-7600-4FEA-92EC-715DB897B6C0}"
EndProject
Global
	GlobalSection(SolutionConfigurationPlatforms) = preSolution
		Debug|Any CPU = Debug|Any CPU
		Release|Any CPU = Release|Any CPU
	EndGlobalSection
	GlobalSection(ProjectConfigurationPlatforms) = postSolution
		{DAE260CC-F4D0-4DE8-B86C-93264BB82B64}.Debug|Any CPU.ActiveCfg = Debug|Any CPU
		{DAE260CC-F4D0-4DE8-B86C-93264BB82B64}.Debug|Any CPU.Build.0 = Debug|Any CPU
		{DAE260CC-F4D0-4DE8-B86C-93264BB82B64}.Release|Any CPU.ActiveCfg = Release|Any CPU
		{DAE260CC-F4D0-4DE8-B86C-93264BB82B64}.Release|Any CPU.Build.0 = Release|Any CPU
		{F9DBA533-73D9-4A82-8798-DC719B464A46}.Debug|Any CPU.ActiveCfg = Debug|Any CPU
		{F9DBA533-73D9-4A82-8798-DC719B464A46}.Debug|Any CPU.Build.0 = Debug|Any CPU
		{F9DBA533-73D9-4A82-8798-DC719B464A46}.Release|Any CPU.ActiveCfg = Release|Any CPU
		{F9DBA533-73D9-4A82-8798-DC719B464A46}.Release|Any CPU.Build.0 = Release|Any CPU
		{D1882CD5-7600-4FEA-92EC-715DB897B6C0}.Debug|Any CPU.ActiveCfg = Debug|Any CPU
		{D1882CD5-7600-4FEA-92EC-715DB897B6C0}.Debug|Any CPU.Build.0 = Debug|Any CPU
		{D1882CD5-7600-4FEA-92EC-715DB897B6C0}.Release|Any CPU.ActiveCfg = Release|Any CPU
		{D1882CD5-7600-4FEA-92EC-715DB897B6C0}.Release|Any CPU.Build.0 = Release|Any CPU
	EndGlobalSection
	GlobalSection(SolutionProperties) = preSolution
		HideSolutionNode = FALSE
	EndGlobalSection
	GlobalSection(ExtensibilityGlobals) = postSolution
		SolutionGuid = {34A666DF-160E-4F81-87FB-238D094E15E3}
	EndGlobalSection
EndGlobal
